
Microsoft Visual Studio Solution File, Format Version 12.00
# Visual Studio 15
VisualStudioVersion = 15.0.27703.2035
MinimumVisualStudioVersion = 10.0.40219.1
Project("{FAE04EC0-301F-11D3-BF4B-00C04F79EFBC}") = "Pattern", "Pattern\Pattern.csproj", "{9097CD5A-F258-447A-8917-C12AC6B3D498}"
EndProject
Global
	GlobalSection(SolutionConfigurationPlatforms) = preSolution
		Debug|Any CPU = Debug|Any CPU
		Release|Any CPU = Release|Any CPU
	EndGlobalSection
	GlobalSection(ProjectConfigurationPlatforms) = postSolution
		{9097CD5A-F258-447A-8917-C12AC6B3D498}.Debug|Any CPU.ActiveCfg = Debug|Any CPU
		{9097CD5A-F258-447A-8917-C12AC6B3D498}.Debug|Any CPU.Build.0 = Debug|Any CPU
		{9097CD5A-F258-447A-8917-C12AC6B3D498}.Release|Any CPU.ActiveCfg = Release|Any CPU
		{9097CD5A-F258-447A-8917-C12AC6B3D498}.Release|Any CPU.Build.0 = Release|Any CPU
	EndGlobalSection
	GlobalSection(SolutionProperties) = preSolution
		HideSolutionNode = FALSE
	EndGlobalSection
	GlobalSection(ExtensibilityGlobals) = postSolution
		SolutionGuid = {3B892784-A9B7-4F58-9C3A-8B76AF7C7F07}
	EndGlobalSection
EndGlobal
